
Microsoft Visual Studio Solution File, Format Version 12.00
# Visual Studio 15
VisualStudioVersion = 15.0.27703.2000
MinimumVisualStudioVersion = 10.0.40219.1
Project("{FAE04EC0-301F-11D3-BF4B-00C04F79EFBC}") = "Stock inventory system", "Stock inventory system\Stock inventory system.csproj", "{0F2AD504-D736-4E8E-98F6-E7FB245DC903}"
EndProject
Project("{FAE04EC0-301F-11D3-BF4B-00C04F79EFBC}") = "Stock Library", "Stock Library\Stock Library.csproj", "{A677E687-F404-4D2F-9630-201FEFB5DA0B}"
EndProject
Global
	GlobalSection(SolutionConfigurationPlatforms) = preSolution
		Debug|Any CPU = Debug|Any CPU
		Release|Any CPU = Release|Any CPU
	EndGlobalSection
	GlobalSection(ProjectConfigurationPlatforms) = postSolution
		{0F2AD504-D736-4E8E-98F6-E7FB245DC903}.Debug|Any CPU.ActiveCfg = Debug|Any CPU
		{0F2AD504-D736-4E8E-98F6-E7FB245DC903}.Debug|Any CPU.Build.0 = Debug|Any CPU
		{0F2AD504-D736-4E8E-98F6-E7FB245DC903}.Release|Any CPU.ActiveCfg = Release|Any CPU
		{0F2AD504-D736-4E8E-98F6-E7FB245DC903}.Release|Any CPU.Build.0 = Release|Any CPU
		{A677E687-F404-4D2F-9630-201FEFB5DA0B}.Debug|Any CPU.ActiveCfg = Debug|Any CPU
		{A677E687-F404-4D2F-9630-201FEFB5DA0B}.Debug|Any CPU.Build.0 = Debug|Any CPU
		{A677E687-F404-4D2F-9630-201FEFB5DA0B}.Release|Any CPU.ActiveCfg = Release|Any CPU
		{A677E687-F404-4D2F-9630-201FEFB5DA0B}.Release|Any CPU.Build.0 = Release|Any CPU
	EndGlobalSection
	GlobalSection(SolutionProperties) = preSolution
		HideSolutionNode = FALSE
	EndGlobalSection
	GlobalSection(ExtensibilityGlobals) = postSolution
		SolutionGuid = {E646D97B-201B-4876-A5A3-5B581A7937B6}
	EndGlobalSection
EndGlobal
